
Microsoft Visual Studio Solution File, Format Version 12.00
# Visual Studio 14
VisualStudioVersion = 14.0.25420.1
MinimumVisualStudioVersion = 10.0.40219.1
Project("{FAE04EC0-301F-11D3-BF4B-00C04F79EFBC}") = "Acrolinx", "Acrolinx\Acrolinx.csproj", "{58971866-C9EF-499C-8C92-305C0500913D}"
EndProject
Project("{FAE04EC0-301F-11D3-BF4B-00C04F79EFBC}") = "Acrolinx.Tests", "Acrolinx.Tests\Acrolinx.Tests.csproj", "{29FE4CB0-E699-43B2-97AF-2EE3F4CC17DD}"
EndProject
Global
	GlobalSection(SolutionConfigurationPlatforms) = preSolution
		Debug|Any CPU = Debug|Any CPU
		Release|Any CPU = Release|Any CPU
	EndGlobalSection
	GlobalSection(ProjectConfigurationPlatforms) = postSolution
		{58971866-C9EF-499C-8C92-305C0500913D}.Debug|Any CPU.ActiveCfg = Debug|Any CPU
		{58971866-C9EF-499C-8C92-305C0500913D}.Debug|Any CPU.Build.0 = Debug|Any CPU
		{58971866-C9EF-499C-8C92-305C0500913D}.Release|Any CPU.ActiveCfg = Release|Any CPU
		{58971866-C9EF-499C-8C92-305C0500913D}.Release|Any CPU.Build.0 = Release|Any CPU
		{29FE4CB0-E699-43B2-97AF-2EE3F4CC17DD}.Debug|Any CPU.ActiveCfg = Debug|Any CPU
		{29FE4CB0-E699-43B2-97AF-2EE3F4CC17DD}.Debug|Any CPU.Build.0 = Debug|Any CPU
		{29FE4CB0-E699-43B2-97AF-2EE3F4CC17DD}.Release|Any CPU.ActiveCfg = Release|Any CPU
		{29FE4CB0-E699-43B2-97AF-2EE3F4CC17DD}.Release|Any CPU.Build.0 = Release|Any CPU
	EndGlobalSection
	GlobalSection(SolutionProperties) = preSolution
		HideSolutionNode = FALSE
	EndGlobalSection
EndGlobal
